# @generated by Move, please check-in and do not edit manually.

[move]
version = 3
manifest_digest = "649F5CF591A750366D3AB5E781A30D264BEBACB486A442F0D46A783D777086DF"
deps_digest = "060AD7E57DFB13104F21BE5F5C3759D03F0553FC3229247D9A7A6B45F50D03A3"
dependencies = [
  { id = "Sui", name = "Sui" },
  { id = "reward_coin", name = "reward_coin" },
  { id = "staking_permission_nft", name = "staking_permission_nft" },
]

[[move.package]]
id = "MoveStdlib"
source = { git = "https://github.com/MystenLabs/sui.git", rev = "framework/testnet", subdir = "crates/sui-framework/packages/move-stdlib" }

[[move.package]]
id = "Sui"
source = { git = "https://github.com/MystenLabs/sui.git", rev = "framework/testnet", subdir = "crates/sui-framework/packages/sui-framework" }

dependencies = [
  { id = "MoveStdlib", name = "MoveStdlib" },
]

[[move.package]]
id = "reward_coin"
source = { local = "../reward_coin" }

dependencies = [
  { id = "Sui", name = "Sui" },
]

[[move.package]]
id = "staking_permission_nft"
source = { local = "../staking_permission_nft" }

dependencies = [
  { id = "Sui", name = "Sui" },
]

[move.toolchain-version]
compiler-version = "1.37.3"
edition = "2024.beta"
flavor = "sui"
